
Microsoft Visual Studio Solution File, Format Version 12.00
# Visual Studio Version 17
VisualStudioVersion = 17.10.35004.147
MinimumVisualStudioVersion = 10.0.40219.1
Project("{FAE04EC0-301F-11D3-BF4B-00C04F79EFBC}") = "API", "API\API.csproj", "{1E7F2EF3-54AE-422F-8BC1-4E8380DF6227}"
EndProject
Global
	GlobalSection(SolutionConfigurationPlatforms) = preSolution
		Debug|Any CPU = Debug|Any CPU
		Release|Any CPU = Release|Any CPU
	EndGlobalSection
	GlobalSection(ProjectConfigurationPlatforms) = postSolution
		{1E7F2EF3-54AE-422F-8BC1-4E8380DF6227}.Debug|Any CPU.ActiveCfg = Debug|Any CPU
		{1E7F2EF3-54AE-422F-8BC1-4E8380DF6227}.Debug|Any CPU.Build.0 = Debug|Any CPU
		{1E7F2EF3-54AE-422F-8BC1-4E8380DF6227}.Release|Any CPU.ActiveCfg = Release|Any CPU
		{1E7F2EF3-54AE-422F-8BC1-4E8380DF6227}.Release|Any CPU.Build.0 = Release|Any CPU
	EndGlobalSection
	GlobalSection(SolutionProperties) = preSolution
		HideSolutionNode = FALSE
	EndGlobalSection
	GlobalSection(ExtensibilityGlobals) = postSolution
		SolutionGuid = {45ED174D-0D52-469E-8C95-017E3CC4C738}
	EndGlobalSection
EndGlobal
